PODS:
  - Cache (5.3.0)
  - EddystoneScanner (1.2.13)
  - Imaginary (4.3.1):
    - Cache (~> 5.3.0)
  - NearBee (3.2.12):
    - EddystoneScanner
    - Socket.IO-Client-Swift (= 15.2.0)
  - Socket.IO-Client-Swift (15.2.0):
    - Starscream (~> 3.1)
  - Starscream (3.1.1)

DEPENDENCIES:
  - EddystoneScanner
  - Imaginary
  - NearBee (= 3.2.12)
  - Socket.IO-Client-Swift (= 15.2.0)

SPEC REPOS:
  trunk:
    - Cache
    - EddystoneScanner
    - Imaginary
    - NearBee
    - Socket.IO-Client-Swift
    - Starscream

SPEC CHECKSUMS:
  Cache: 48762993ec44e1d93483c4d4a13edd18452326f4
  EddystoneScanner: bc26bd709596e46bd304d536d0b26f2850269d16
  Imaginary: 18c5bba364229eef383b925199db442e71d175e1
  NearBee: 4daa82066cc3f172a3fb926972359faee5bd5ed5
  Socket.IO-Client-Swift: 1e3e3a1f09f3312a167f0d781eb2f383d477357c
  Starscream: 4bb2f9942274833f7b4d296a55504dcfc7edb7b0

PODFILE CHECKSUM: f55953ca02b63fe1e36af0b812164c30243e8133

COCOAPODS: 1.10.1
