// !$*UTF8*$!
{
	archiveVersion = 1;
	classes = {
	};
	objectVersion = 51;
	objects = {

/* Begin PBXBuildFile section */
		BEAAB8262613571F005EA838 /* AppDelegate.swift in Sources */ = {isa = PBXBuildFile; fileRef = BEAAB8252613571F005EA838 /* AppDelegate.swift */; };
		BEAAB8282613571F005EA838 /* SceneDelegate.swift in Sources */ = {isa = PBXBuildFile; fileRef = BEAAB8272613571F005EA838 /* SceneDelegate.swift */; };
		BEAAB82A2613571F005EA838 /* ViewController.swift in Sources */ = {isa = PBXBuildFile; fileRef = BEAAB8292613571F005EA838 /* ViewController.swift */; };
		BEAAB82D2613571F005EA838 /* Main.storyboard in Resources */ = {isa = PBXBuildFile; fileRef = BEAAB82B2613571F005EA838 /* Main.storyboard */; };
		BEAAB8302613571F005EA838 /* NearBeeSample.xcdatamodeld in Sources */ = {isa = PBXBuildFile; fileRef = BEAAB82E2613571F005EA838 /* NearBeeSample.xcdatamodeld */; };
		BEAAB83226135721005EA838 /* Assets.xcassets in Resources */ = {isa = PBXBuildFile; fileRef = BEAAB83126135721005EA838 /* Assets.xcassets */; };
		BEAAB83526135721005EA838 /* LaunchScreen.storyboard in Resources */ = {isa = PBXBuildFile; fileRef = BEAAB83326135721005EA838 /* LaunchScreen.storyboard */; };
		BEAAB84026135722005EA838 /* NearBeeSampleTests.swift in Sources */ = {isa = PBXBuildFile; fileRef = BEAAB83F26135722005EA838 /* NearBeeSampleTests.swift */; };
		BEAAB84B26135722005EA838 /* NearBeeSampleUITests.swift in Sources */ = {isa = PBXBuildFile; fileRef = BEAAB84A26135722005EA838 /* NearBeeSampleUITests.swift */; };
		BEAAB8F32615F8E2005EA838 /* EddystoneScanner.framework in Frameworks */ = {isa = PBXBuildFile; fileRef = BEAAB8F22615F8E2005EA838 /* EddystoneScanner.framework */; };
		BEAAB8F72615F8E2005EA838 /* SocketIO.framework in Frameworks */ = {isa = PBXBuildFile; fileRef = BEAAB8F62615F8E2005EA838 /* SocketIO.framework */; };
		BEAAB8F92615F8E2005EA838 /* Starscream.framework in Frameworks */ = {isa = PBXBuildFile; fileRef = BEAAB8F82615F8E2005EA838 /* Starscream.framework */; };
		BEAAB8FB2615F8EE005EA838 /* Pods_NearBeeSample.framework in Frameworks */ = {isa = PBXBuildFile; fileRef = BEAAB8FA2615F8EE005EA838 /* Pods_NearBeeSample.framework */; };
		BEAAB9002615F95A005EA838 /* NearBee.framework in Frameworks */ = {isa = PBXBuildFile; fileRef = BEAAB8FF2615F95A005EA838 /* NearBee.framework */; };
/* End PBXBuildFile section */

/* Begin PBXContainerItemProxy section */
		BEAAB83C26135721005EA838 /* PBXContainerItemProxy */ = {
			isa = PBXContainerItemProxy;
			containerPortal = BEAAB81A2613571F005EA838 /* Project object */;
			proxyType = 1;
			remoteGlobalIDString = BEAAB8212613571F005EA838;
			remoteInfo = NearBeeSample;
		};
		BEAAB84726135722005EA838 /* PBXContainerItemProxy */ = {
			isa = PBXContainerItemProxy;
			containerPortal = BEAAB81A2613571F005EA838 /* Project object */;
			proxyType = 1;
			remoteGlobalIDString = BEAAB8212613571F005EA838;
			remoteInfo = NearBeeSample;
		};
/* End PBXContainerItemProxy section */

/* Begin PBXFileReference section */
		07920B90CFBB165E7157A5B4 /* Pods-NearBeeSample.release.xcconfig */ = {isa = PBXFileReference; includeInIndex = 1; lastKnownFileType = text.xcconfig; name = "Pods-NearBeeSample.release.xcconfig"; path = "Target Support Files/Pods-NearBeeSample/Pods-NearBeeSample.release.xcconfig"; sourceTree = "<group>"; };
		3A688D3D60B3D441B9686DE9 /* Pods_NearBeeSample.framework */ = {isa = PBXFileReference; explicitFileType = wrapper.framework; includeInIndex = 0; path = Pods_NearBeeSample.framework; sourceTree = BUILT_PRODUCTS_DIR; };
		BEAAB8222613571F005EA838 /* NearBeeSample.app */ = {isa = PBXFileReference; explicitFileType = wrapper.application; includeInIndex = 0; path = NearBeeSample.app; sourceTree = BUILT_PRODUCTS_DIR; };
		BEAAB8252613571F005EA838 /* AppDelegate.swift */ = {isa = PBXFileReference; lastKnownFileType = sourcecode.swift; path = AppDelegate.swift; sourceTree = "<group>"; };
		BEAAB8272613571F005EA838 /* SceneDelegate.swift */ = {isa = PBXFileReference; lastKnownFileType = sourcecode.swift; path = SceneDelegate.swift; sourceTree = "<group>"; };
		BEAAB8292613571F005EA838 /* ViewController.swift */ = {isa = PBXFileReference; lastKnownFileType = sourcecode.swift; path = ViewController.swift; sourceTree = "<group>"; };
		BEAAB82C2613571F005EA838 /* Base */ = {isa = PBXFileReference; lastKnownFileType = file.storyboard; name = Base; path = Base.lproj/Main.storyboard; sourceTree = "<group>"; };
		BEAAB82F2613571F005EA838 /* NearBeeSample.xcdatamodel */ = {isa = PBXFileReference; lastKnownFileType = wrapper.xcdatamodel; path = NearBeeSample.xcdatamodel; sourceTree = "<group>"; };
		BEAAB83126135721005EA838 /* Assets.xcassets */ = {isa = PBXFileReference; lastKnownFileType = folder.assetcatalog; path = Assets.xcassets; sourceTree = "<group>"; };
		BEAAB83426135721005EA838 /* Base */ = {isa = PBXFileReference; lastKnownFileType = file.storyboard; name = Base; path = Base.lproj/LaunchScreen.storyboard; sourceTree = "<group>"; };
		BEAAB83626135721005EA838 /* Info.plist */ = {isa = PBXFileReference; lastKnownFileType = text.plist.xml; path = Info.plist; sourceTree = "<group>"; };
		BEAAB83B26135721005EA838 /* NearBeeSampleTests.xctest */ = {isa = PBXFileReference; explicitFileType = wrapper.cfbundle; includeInIndex = 0; path = NearBeeSampleTests.xctest; sourceTree = BUILT_PRODUCTS_DIR; };
		BEAAB83F26135722005EA838 /* NearBeeSampleTests.swift */ = {isa = PBXFileReference; lastKnownFileType = sourcecode.swift; path = NearBeeSampleTests.swift; sourceTree = "<group>"; };
		BEAAB84126135722005EA838 /* Info.plist */ = {isa = PBXFileReference; lastKnownFileType = text.plist.xml; path = Info.plist; sourceTree = "<group>"; };
		BEAAB84626135722005EA838 /* NearBeeSampleUITests.xctest */ = {isa = PBXFileReference; explicitFileType = wrapper.cfbundle; includeInIndex = 0; path = NearBeeSampleUITests.xctest; sourceTree = BUILT_PRODUCTS_DIR; };
		BEAAB84A26135722005EA838 /* NearBeeSampleUITests.swift */ = {isa = PBXFileReference; lastKnownFileType = sourcecode.swift; path = NearBeeSampleUITests.swift; sourceTree = "<group>"; };
		BEAAB84C26135722005EA838 /* Info.plist */ = {isa = PBXFileReference; lastKnownFileType = text.plist.xml; path = Info.plist; sourceTree = "<group>"; };
		BEAAB8F22615F8E2005EA838 /* EddystoneScanner.framework */ = {isa = PBXFileReference; explicitFileType = wrapper.framework; path = EddystoneScanner.framework; sourceTree = BUILT_PRODUCTS_DIR; };
		BEAAB8F42615F8E2005EA838 /* Pods_NearBeeSample.framework */ = {isa = PBXFileReference; explicitFileType = wrapper.framework; path = Pods_NearBeeSample.framework; sourceTree = BUILT_PRODUCTS_DIR; };
		BEAAB8F62615F8E2005EA838 /* SocketIO.framework */ = {isa = PBXFileReference; explicitFileType = wrapper.framework; path = SocketIO.framework; sourceTree = BUILT_PRODUCTS_DIR; };
		BEAAB8F82615F8E2005EA838 /* Starscream.framework */ = {isa = PBXFileReference; explicitFileType = wrapper.framework; path = Starscream.framework; sourceTree = BUILT_PRODUCTS_DIR; };
		BEAAB8FA2615F8EE005EA838 /* Pods_NearBeeSample.framework */ = {isa = PBXFileReference; explicitFileType = wrapper.framework; path = Pods_NearBeeSample.framework; sourceTree = BUILT_PRODUCTS_DIR; };
		BEAAB8FF2615F95A005EA838 /* NearBee.framework */ = {isa = PBXFileReference; lastKnownFileType = wrapper.framework; name = NearBee.framework; path = Pods/NearBee/NearBee/NearBee.framework; sourceTree = "<group>"; };
		C49638D64C101EBFFB141072 /* Pods-NearBeeSample.debug.xcconfig */ = {isa = PBXFileReference; includeInIndex = 1; lastKnownFileType = text.xcconfig; name = "Pods-NearBeeSample.debug.xcconfig"; path = "Target Support Files/Pods-NearBeeSample/Pods-NearBeeSample.debug.xcconfig"; sourceTree = "<group>"; };
/* End PBXFileReference section */

/* Begin PBXFrameworksBuildPhase section */
		BEAAB81F2613571F005EA838 /* Frameworks */ = {
			isa = PBXFrameworksBuildPhase;
			buildActionMask = 2147483647;
			files = (
				BEAAB9002615F95A005EA838 /* NearBee.framework in Frameworks */,
				BEAAB8FB2615F8EE005EA838 /* Pods_NearBeeSample.framework in Frameworks */,
				BEAAB8F32615F8E2005EA838 /* EddystoneScanner.framework in Frameworks */,
				BEAAB8F72615F8E2005EA838 /* SocketIO.framework in Frameworks */,
				BEAAB8F92615F8E2005EA838 /* Starscream.framework in Frameworks */,
			);
			runOnlyForDeploymentPostprocessing = 0;
		};
		BEAAB83826135721005EA838 /* Frameworks */ = {
			isa = PBXFrameworksBuildPhase;
			buildActionMask = 2147483647;
			files = (
			);
			runOnlyForDeploymentPostprocessing = 0;
		};
		BEAAB84326135722005EA838 /* Frameworks */ = {
			isa = PBXFrameworksBuildPhase;
			buildActionMask = 2147483647;
			files = (
			);
			runOnlyForDeploymentPostprocessing = 0;
		};
/* End PBXFrameworksBuildPhase section */

/* Begin PBXGroup section */
		996E8034EB79E1C24A5D31BE /* Pods */ = {
			isa = PBXGroup;
			children = (
				C49638D64C101EBFFB141072 /* Pods-NearBeeSample.debug.xcconfig */,
				07920B90CFBB165E7157A5B4 /* Pods-NearBeeSample.release.xcconfig */,
			);
			path = Pods;
			sourceTree = "<group>";
		};
		BEAAB8192613571F005EA838 = {
			isa = PBXGroup;
			children = (
				BEAAB8242613571F005EA838 /* NearBeeSample */,
				BEAAB83E26135722005EA838 /* NearBeeSampleTests */,
				BEAAB84926135722005EA838 /* NearBeeSampleUITests */,
				BEAAB8232613571F005EA838 /* Products */,
				996E8034EB79E1C24A5D31BE /* Pods */,
				FCA524D783FAF4419CAFD30B /* Frameworks */,
			);
			sourceTree = "<group>";
		};
		BEAAB8232613571F005EA838 /* Products */ = {
			isa = PBXGroup;
			children = (
				BEAAB8222613571F005EA838 /* NearBeeSample.app */,
				BEAAB83B26135721005EA838 /* NearBeeSampleTests.xctest */,
				BEAAB84626135722005EA838 /* NearBeeSampleUITests.xctest */,
			);
			name = Products;
			sourceTree = "<group>";
		};
		BEAAB8242613571F005EA838 /* NearBeeSample */ = {
			isa = PBXGroup;
			children = (
				BEAAB8252613571F005EA838 /* AppDelegate.swift */,
				BEAAB8272613571F005EA838 /* SceneDelegate.swift */,
				BEAAB8292613571F005EA838 /* ViewController.swift */,
				BEAAB82B2613571F005EA838 /* Main.storyboard */,
				BEAAB83126135721005EA838 /* Assets.xcassets */,
				BEAAB83326135721005EA838 /* LaunchScreen.storyboard */,
				BEAAB83626135721005EA838 /* Info.plist */,
				BEAAB82E2613571F005EA838 /* NearBeeSample.xcdatamodeld */,
			);
			path = NearBeeSample;
			sourceTree = "<group>";
		};
		BEAAB83E26135722005EA838 /* NearBeeSampleTests */ = {
			isa = PBXGroup;
			children = (
				BEAAB83F26135722005EA838 /* NearBeeSampleTests.swift */,
				BEAAB84126135722005EA838 /* Info.plist */,
			);
			path = NearBeeSampleTests;
			sourceTree = "<group>";
		};
		BEAAB84926135722005EA838 /* NearBeeSampleUITests */ = {
			isa = PBXGroup;
			children = (
				BEAAB84A26135722005EA838 /* NearBeeSampleUITests.swift */,
				BEAAB84C26135722005EA838 /* Info.plist */,
			);
			path = NearBeeSampleUITests;
			sourceTree = "<group>";
		};
		FCA524D783FAF4419CAFD30B /* Frameworks */ = {
			isa = PBXGroup;
			children = (
				BEAAB8FF2615F95A005EA838 /* NearBee.framework */,
				BEAAB8FA2615F8EE005EA838 /* Pods_NearBeeSample.framework */,
				BEAAB8F22615F8E2005EA838 /* EddystoneScanner.framework */,
				BEAAB8F42615F8E2005EA838 /* Pods_NearBeeSample.framework */,
				BEAAB8F62615F8E2005EA838 /* SocketIO.framework */,
				BEAAB8F82615F8E2005EA838 /* Starscream.framework */,
				3A688D3D60B3D441B9686DE9 /* Pods_NearBeeSample.framework */,
			);
			name = Frameworks;
			sourceTree = "<group>";
		};
/* End PBXGroup section */

/* Begin PBXNativeTarget section */
		BEAAB8212613571F005EA838 /* NearBeeSample */ = {
			isa = PBXNativeTarget;
			buildConfigurationList = BEAAB84F26135722005EA838 /* Build configuration list for PBXNativeTarget "NearBeeSample" */;
			buildPhases = (
				A8DF9E882010418DD8BEE8D0 /* [CP] Check Pods Manifest.lock */,
				BEAAB81E2613571F005EA838 /* Sources */,
				BEAAB81F2613571F005EA838 /* Frameworks */,
				BEAAB8202613571F005EA838 /* Resources */,
				051DE3531FC664B3EE64E244 /* [CP] Embed Pods Frameworks */,
			);
			buildRules = (
			);
			dependencies = (
			);
			name = NearBeeSample;
			productName = NearBeeSample;
			productReference = BEAAB8222613571F005EA838 /* NearBeeSample.app */;
			productType = "com.apple.product-type.application";
		};
		BEAAB83A26135721005EA838 /* NearBeeSampleTests */ = {
			isa = PBXNativeTarget;
			buildConfigurationList = BEAAB85226135722005EA838 /* Build configuration list for PBXNativeTarget "NearBeeSampleTests" */;
			buildPhases = (
				BEAAB83726135721005EA838 /* Sources */,
				BEAAB83826135721005EA838 /* Frameworks */,
				BEAAB83926135721005EA838 /* Resources */,
			);
			buildRules = (
			);
			dependencies = (
				BEAAB83D26135721005EA838 /* PBXTargetDependency */,
			);
			name = NearBeeSampleTests;
			productName = NearBeeSampleTests;
			productReference = BEAAB83B26135721005EA838 /* NearBeeSampleTests.xctest */;
			productType = "com.apple.product-type.bundle.unit-test";
		};
		BEAAB84526135722005EA838 /* NearBeeSampleUITests */ = {
			isa = PBXNativeTarget;
			buildConfigurationList = BEAAB85526135722005EA838 /* Build configuration list for PBXNativeTarget "NearBeeSampleUITests" */;
			buildPhases = (
				BEAAB84226135722005EA838 /* Sources */,
				BEAAB84326135722005EA838 /* Frameworks */,
				BEAAB84426135722005EA838 /* Resources */,
			);
			buildRules = (
			);
			dependencies = (
				BEAAB84826135722005EA838 /* PBXTargetDependency */,
			);
			name = NearBeeSampleUITests;
			productName = NearBeeSampleUITests;
			productReference = BEAAB84626135722005EA838 /* NearBeeSampleUITests.xctest */;
			productType = "com.apple.product-type.bundle.ui-testing";
		};
/* End PBXNativeTarget section */

/* Begin PBXProject section */
		BEAAB81A2613571F005EA838 /* Project object */ = {
			isa = PBXProject;
			attributes = {
				LastSwiftUpdateCheck = 1240;
				LastUpgradeCheck = 1240;
				TargetAttributes = {
					BEAAB8212613571F005EA838 = {
						CreatedOnToolsVersion = 12.4;
					};
					BEAAB83A26135721005EA838 = {
						CreatedOnToolsVersion = 12.4;
						TestTargetID = BEAAB8212613571F005EA838;
					};
					BEAAB84526135722005EA838 = {
						CreatedOnToolsVersion = 12.4;
						TestTargetID = BEAAB8212613571F005EA838;
					};
				};
			};
			buildConfigurationList = BEAAB81D2613571F005EA838 /* Build configuration list for PBXProject "NearBeeSample" */;
			compatibilityVersion = "Xcode 9.3";
			developmentRegion = en;
			hasScannedForEncodings = 0;
			knownRegions = (
				en,
				Base,
			);
			mainGroup = BEAAB8192613571F005EA838;
			productRefGroup = BEAAB8232613571F005EA838 /* Products */;
			projectDirPath = "";
			projectRoot = "";
			targets = (
				BEAAB8212613571F005EA838 /* NearBeeSample */,
				BEAAB83A26135721005EA838 /* NearBeeSampleTests */,
				BEAAB84526135722005EA838 /* NearBeeSampleUITests */,
			);
		};
/* End PBXProject section */

/* Begin PBXResourcesBuildPhase section */
		BEAAB8202613571F005EA838 /* Resources */ = {
			isa = PBXResourcesBuildPhase;
			buildActionMask = 2147483647;
			files = (
				BEAAB83526135721005EA838 /* LaunchScreen.storyboard in Resources */,
				BEAAB83226135721005EA838 /* Assets.xcassets in Resources */,
				BEAAB82D2613571F005EA838 /* Main.storyboard in Resources */,
			);
			runOnlyForDeploymentPostprocessing = 0;
		};
		BEAAB83926135721005EA838 /* Resources */ = {
			isa = PBXResourcesBuildPhase;
			buildActionMask = 2147483647;
			files = (
			);
			runOnlyForDeploymentPostprocessing = 0;
		};
		BEAAB84426135722005EA838 /* Resources */ = {
			isa = PBXResourcesBuildPhase;
			buildActionMask = 2147483647;
			files = (
			);
			runOnlyForDeploymentPostprocessing = 0;
		};
/* End PBXResourcesBuildPhase section */

/* Begin PBXShellScriptBuildPhase section */
		051DE3531FC664B3EE64E244 /* [CP] Embed Pods Frameworks */ = {
			isa = PBXShellScriptBuildPhase;
			buildActionMask = 2147483647;
			files = (
			);
			inputFileListPaths = (
				"${PODS_ROOT}/Target Support Files/Pods-NearBeeSample/Pods-NearBeeSample-frameworks-${CONFIGURATION}-input-files.xcfilelist",
			);
			name = "[CP] Embed Pods Frameworks";
			outputFileListPaths = (
				"${PODS_ROOT}/Target Support Files/Pods-NearBeeSample/Pods-NearBeeSample-frameworks-${CONFIGURATION}-output-files.xcfilelist",
			);
			runOnlyForDeploymentPostprocessing = 0;
			shellPath = /bin/sh;
			shellScript = "\"${PODS_ROOT}/Target Support Files/Pods-NearBeeSample/Pods-NearBeeSample-frameworks.sh\"\n";
			showEnvVarsInLog = 0;
		};
		A8DF9E882010418DD8BEE8D0 /* [CP] Check Pods Manifest.lock */ = {
			isa = PBXShellScriptBuildPhase;
			buildActionMask = 2147483647;
			files = (
			);
			inputFileListPaths = (
			);
			inputPaths = (
				"${PODS_PODFILE_DIR_PATH}/Podfile.lock",
				"${PODS_ROOT}/Manifest.lock",
			);
			name = "[CP] Check Pods Manifest.lock";
			outputFileListPaths = (
			);
			outputPaths = (
				"$(DERIVED_FILE_DIR)/Pods-NearBeeSample-checkManifestLockResult.txt",
			);
			runOnlyForDeploymentPostprocessing = 0;
			shellPath = /bin/sh;
			shellScript = "diff \"${PODS_PODFILE_DIR_PATH}/Podfile.lock\" \"${PODS_ROOT}/Manifest.lock\" > /dev/null\nif [ $? != 0 ] ; then\n    # print error to STDERR\n    echo \"error: The sandbox is not in sync with the Podfile.lock. Run 'pod install' or update your CocoaPods installation.\" >&2\n    exit 1\nfi\n# This output is used by Xcode 'outputs' to avoid re-running this script phase.\necho \"SUCCESS\" > \"${SCRIPT_OUTPUT_FILE_0}\"\n";
			showEnvVarsInLog = 0;
		};
/* End PBXShellScriptBuildPhase section */

/* Begin PBXSourcesBuildPhase section */
		BEAAB81E2613571F005EA838 /* Sources */ = {
			isa = PBXSourcesBuildPhase;
			buildActionMask = 2147483647;
			files = (
				BEAAB82A2613571F005EA838 /* ViewController.swift in Sources */,
				BEAAB8262613571F005EA838 /* AppDelegate.swift in Sources */,
				BEAAB8302613571F005EA838 /* NearBeeSample.xcdatamodeld in Sources */,
				BEAAB8282613571F005EA838 /* SceneDelegate.swift in Sources */,
			);
			runOnlyForDeploymentPostprocessing = 0;
		};
		BEAAB83726135721005EA838 /* Sources */ = {
			isa = PBXSourcesBuildPhase;
			buildActionMask = 2147483647;
			files = (
				BEAAB84026135722005EA838 /* NearBeeSampleTests.swift in Sources */,
			);
			runOnlyForDeploymentPostprocessing = 0;
		};
		BEAAB84226135722005EA838 /* Sources */ = {
			isa = PBXSourcesBuildPhase;
			buildActionMask = 2147483647;
			files = (
				BEAAB84B26135722005EA838 /* NearBeeSampleUITests.swift in Sources */,
			);
			runOnlyForDeploymentPostprocessing = 0;
		};
/* End PBXSourcesBuildPhase section */

/* Begin PBXTargetDependency section */
		BEAAB83D26135721005EA838 /* PBXTargetDependency */ = {
			isa = PBXTargetDependency;
			target = BEAAB8212613571F005EA838 /* NearBeeSample */;
			targetProxy = BEAAB83C26135721005EA838 /* PBXContainerItemProxy */;
		};
		BEAAB84826135722005EA838 /* PBXTargetDependency */ = {
			isa = PBXTargetDependency;
			target = BEAAB8212613571F005EA838 /* NearBeeSample */;
			targetProxy = BEAAB84726135722005EA838 /* PBXContainerItemProxy */;
		};
/* End PBXTargetDependency section */

/* Begin PBXVariantGroup section */
		BEAAB82B2613571F005EA838 /* Main.storyboard */ = {
			isa = PBXVariantGroup;
			children = (
				BEAAB82C2613571F005EA838 /* Base */,
			);
			name = Main.storyboard;
			sourceTree = "<group>";
		};
		BEAAB83326135721005EA838 /* LaunchScreen.storyboard */ = {
			isa = PBXVariantGroup;
			children = (
				BEAAB83426135721005EA838 /* Base */,
			);
			name = LaunchScreen.storyboard;
			sourceTree = "<group>";
		};
/* End PBXVariantGroup section */

/* Begin XCBuildConfiguration section */
		BEAAB84D26135722005EA838 /* Debug */ = {
			isa = XCBuildConfiguration;
			buildSettings = {
				ALWAYS_SEARCH_USER_PATHS = NO;
				CLANG_ANALYZER_NONNULL = YES;
				CLANG_ANALYZER_NUMBER_OBJECT_CONVERSION = YES_AGGRESSIVE;
				CLANG_CXX_LANGUAGE_STANDARD = "gnu++14";
				CLANG_CXX_LIBRARY = "libc++";
				CLANG_ENABLE_MODULES = YES;
				CLANG_ENABLE_OBJC_ARC = YES;
				CLANG_ENABLE_OBJC_WEAK = YES;
				CLANG_WARN_BLOCK_CAPTURE_AUTORELEASING = YES;
				CLANG_WARN_BOOL_CONVERSION = YES;
				CLANG_WARN_COMMA = YES;
				CLANG_WARN_CONSTANT_CONVERSION = YES;
				CLANG_WARN_DEPRECATED_OBJC_IMPLEMENTATIONS = YES;
				CLANG_WARN_DIRECT_OBJC_ISA_USAGE = YES_ERROR;
				CLANG_WARN_DOCUMENTATION_COMMENTS = YES;
				CLANG_WARN_EMPTY_BODY = YES;
				CLANG_WARN_ENUM_CONVERSION = YES;
				CLANG_WARN_INFINITE_RECURSION = YES;
				CLANG_WARN_INT_CONVERSION = YES;
				CLANG_WARN_NON_LITERAL_NULL_CONVERSION = YES;
				CLANG_WARN_OBJC_IMPLICIT_RETAIN_SELF = YES;
				CLANG_WARN_OBJC_LITERAL_CONVERSION = YES;
				CLANG_WARN_OBJC_ROOT_CLASS = YES_ERROR;
				CLANG_WARN_QUOTED_INCLUDE_IN_FRAMEWORK_HEADER = YES;
				CLANG_WARN_RANGE_LOOP_ANALYSIS = YES;
				CLANG_WARN_STRICT_PROTOTYPES = YES;
				CLANG_WARN_SUSPICIOUS_MOVE = YES;
				CLANG_WARN_UNGUARDED_AVAILABILITY = YES_AGGRESSIVE;
				CLANG_WARN_UNREACHABLE_CODE = YES;
				CLANG_WARN__DUPLICATE_METHOD_MATCH = YES;
				COPY_PHASE_STRIP = NO;
				DEBUG_INFORMATION_FORMAT = dwarf;
				ENABLE_STRICT_OBJC_MSGSEND = YES;
				ENABLE_TESTABILITY = YES;
				GCC_C_LANGUAGE_STANDARD = gnu11;
				GCC_DYNAMIC_NO_PIC = NO;
				GCC_NO_COMMON_BLOCKS = YES;
				GCC_OPTIMIZATION_LEVEL = 0;
				GCC_PREPROCESSOR_DEFINITIONS = (
					"DEBUG=1",
					"$(inherited)",
				);
				GCC_WARN_64_TO_32_BIT_CONVERSION = YES;
				GCC_WARN_ABOUT_RETURN_TYPE = YES_ERROR;
				GCC_WARN_UNDECLARED_SELECTOR = YES;
				GCC_WARN_UNINITIALIZED_AUTOS = YES_AGGRESSIVE;
				GCC_WARN_UNUSED_FUNCTION = YES;
				GCC_WARN_UNUSED_VARIABLE = YES;
				IPHONEOS_DEPLOYMENT_TARGET = 14.4;
				MTL_ENABLE_DEBUG_INFO = INCLUDE_SOURCE;
				MTL_FAST_MATH = YES;
				ONLY_ACTIVE_ARCH = YES;
				SDKROOT = iphoneos;
				SWIFT_ACTIVE_COMPILATION_CONDITIONS = DEBUG;
				SWIFT_OPTIMIZATION_LEVEL = "-Onone";
			};
			name = Debug;
		};
		BEAAB84E26135722005EA838 /* Release */ = {
			isa = XCBuildConfiguration;
			buildSettings = {
				ALWAYS_SEARCH_USER_PATHS = NO;
				CLANG_ANALYZER_NONNULL = YES;
				CLANG_ANALYZER_NUMBER_OBJECT_CONVERSION = YES_AGGRESSIVE;
				CLANG_CXX_LANGUAGE_STANDARD = "gnu++14";
				CLANG_CXX_LIBRARY = "libc++";
				CLANG_ENABLE_MODULES = YES;
				CLANG_ENABLE_OBJC_ARC = YES;
				CLANG_ENABLE_OBJC_WEAK = YES;
				CLANG_WARN_BLOCK_CAPTURE_AUTORELEASING = YES;
				CLANG_WARN_BOOL_CONVERSION = YES;
				CLANG_WARN_COMMA = YES;
				CLANG_WARN_CONSTANT_CONVERSION = YES;
				CLANG_WARN_DEPRECATED_OBJC_IMPLEMENTATIONS = YES;
				CLANG_WARN_DIRECT_OBJC_ISA_USAGE = YES_ERROR;
				CLANG_WARN_DOCUMENTATION_COMMENTS = YES;
				CLANG_WARN_EMPTY_BODY = YES;
				CLANG_WARN_ENUM_CONVERSION = YES;
				CLANG_WARN_INFINITE_RECURSION = YES;
				CLANG_WARN_INT_CONVERSION = YES;
				CLANG_WARN_NON_LITERAL_NULL_CONVERSION = YES;
				CLANG_WARN_OBJC_IMPLICIT_RETAIN_SELF = YES;
				CLANG_WARN_OBJC_LITERAL_CONVERSION = YES;
				CLANG_WARN_OBJC_ROOT_CLASS = YES_ERROR;
				CLANG_WARN_QUOTED_INCLUDE_IN_FRAMEWORK_HEADER = YES;
				CLANG_WARN_RANGE_LOOP_ANALYSIS = YES;
				CLANG_WARN_STRICT_PROTOTYPES = YES;
				CLANG_WARN_SUSPICIOUS_MOVE = YES;
				CLANG_WARN_UNGUARDED_AVAILABILITY = YES_AGGRESSIVE;
				CLANG_WARN_UNREACHABLE_CODE = YES;
				CLANG_WARN__DUPLICATE_METHOD_MATCH = YES;
				COPY_PHASE_STRIP = NO;
				DEBUG_INFORMATION_FORMAT = "dwarf-with-dsym";
				ENABLE_NS_ASSERTIONS = NO;
				ENABLE_STRICT_OBJC_MSGSEND = YES;
				GCC_C_LANGUAGE_STANDARD = gnu11;
				GCC_NO_COMMON_BLOCKS = YES;
				GCC_WARN_64_TO_32_BIT_CONVERSION = YES;
				GCC_WARN_ABOUT_RETURN_TYPE = YES_ERROR;
				GCC_WARN_UNDECLARED_SELECTOR = YES;
				GCC_WARN_UNINITIALIZED_AUTOS = YES_AGGRESSIVE;
				GCC_WARN_UNUSED_FUNCTION = YES;
				GCC_WARN_UNUSED_VARIABLE = YES;
				IPHONEOS_DEPLOYMENT_TARGET = 14.4;
				MTL_ENABLE_DEBUG_INFO = NO;
				MTL_FAST_MATH = YES;
				SDKROOT = iphoneos;
				SWIFT_COMPILATION_MODE = wholemodule;
				SWIFT_OPTIMIZATION_LEVEL = "-O";
				VALIDATE_PRODUCT = YES;
			};
			name = Release;
		};
		BEAAB85026135722005EA838 /* Debug */ = {
			isa = XCBuildConfiguration;
			baseConfigurationReference = C49638D64C101EBFFB141072 /* Pods-NearBeeSample.debug.xcconfig */;
			buildSettings = {
				ASSETCATALOG_COMPILER_APPICON_NAME = AppIcon;
				ASSETCATALOG_COMPILER_GLOBAL_ACCENT_COLOR_NAME = AccentColor;
				CODE_SIGN_STYLE = Automatic;
				CURRENT_PROJECT_VERSION = 2;
				DEVELOPMENT_TEAM = 44VN4BY3TF;
				FRAMEWORK_SEARCH_PATHS = (
					"$(inherited)",
					"$(PROJECT_DIR)/Pods/NearBee/NearBee",
				);
				INFOPLIST_FILE = NearBeeSample/Info.plist;
				LD_RUNPATH_SEARCH_PATHS = (
					"$(inherited)",
					"@executable_path/Frameworks",
				);
				MARKETING_VERSION = 1.4;
				PRODUCT_BUNDLE_IDENTIFIER = com.mobstac.NearBeeSample;
				PRODUCT_NAME = "$(TARGET_NAME)";
				SWIFT_VERSION = 5.0;
				TARGETED_DEVICE_FAMILY = 1;
			};
			name = Debug;
		};
		BEAAB85126135722005EA838 /* Release */ = {
			isa = XCBuildConfiguration;
			baseConfigurationReference = 07920B90CFBB165E7157A5B4 /* Pods-NearBeeSample.release.xcconfig */;
			buildSettings = {
				ASSETCATALOG_COMPILER_APPICON_NAME = AppIcon;
				ASSETCATALOG_COMPILER_GLOBAL_ACCENT_COLOR_NAME = AccentColor;
				CODE_SIGN_STYLE = Automatic;
				CURRENT_PROJECT_VERSION = 2;
				DEVELOPMENT_TEAM = 44VN4BY3TF;
				FRAMEWORK_SEARCH_PATHS = (
					"$(inherited)",
					"$(PROJECT_DIR)/Pods/NearBee/NearBee",
				);
				INFOPLIST_FILE = NearBeeSample/Info.plist;
				LD_RUNPATH_SEARCH_PATHS = (
					"$(inherited)",
					"@executable_path/Frameworks",
				);
				MARKETING_VERSION = 1.4;
				PRODUCT_BUNDLE_IDENTIFIER = com.mobstac.NearBeeSample;
				PRODUCT_NAME = "$(TARGET_NAME)";
				SWIFT_VERSION = 5.0;
				TARGETED_DEVICE_FAMILY = 1;
			};
			name = Release;
		};
		BEAAB85326135722005EA838 /* Debug */ = {
			isa = XCBuildConfiguration;
			buildSettings = {
				ALWAYS_EMBED_SWIFT_STANDARD_LIBRARIES = YES;
				BUNDLE_LOADER = "$(TEST_HOST)";
				CODE_SIGN_STYLE = Automatic;
				DEVELOPMENT_TEAM = 44VN4BY3TF;
				INFOPLIST_FILE = NearBeeSampleTests/Info.plist;
				IPHONEOS_DEPLOYMENT_TARGET = 14.4;
				LD_RUNPATH_SEARCH_PATHS = (
					"$(inherited)",
					"@executable_path/Frameworks",
					"@loader_path/Frameworks",
				);
				PRODUCT_BUNDLE_IDENTIFIER = com.mobstac.NearBeeSampleTests;
				PRODUCT_NAME = "$(TARGET_NAME)";
				SWIFT_VERSION = 5.0;
				TARGETED_DEVICE_FAMILY = "1,2";
				TEST_HOST = "$(BUILT_PRODUCTS_DIR)/NearBeeSample.app/NearBeeSample";
			};
			name = Debug;
		};
		BEAAB85426135722005EA838 /* Release */ = {
			isa = XCBuildConfiguration;
			buildSettings = {
				ALWAYS_EMBED_SWIFT_STANDARD_LIBRARIES = YES;
				BUNDLE_LOADER = "$(TEST_HOST)";
				CODE_SIGN_STYLE = Automatic;
				DEVELOPMENT_TEAM = 44VN4BY3TF;
				INFOPLIST_FILE = NearBeeSampleTests/Info.plist;
				IPHONEOS_DEPLOYMENT_TARGET = 14.4;
				LD_RUNPATH_SEARCH_PATHS = (
					"$(inherited)",
					"@executable_path/Frameworks",
					"@loader_path/Frameworks",
				);
				PRODUCT_BUNDLE_IDENTIFIER = com.mobstac.NearBeeSampleTests;
				PRODUCT_NAME = "$(TARGET_NAME)";
				SWIFT_VERSION = 5.0;
				TARGETED_DEVICE_FAMILY = "1,2";
				TEST_HOST = "$(BUILT_PRODUCTS_DIR)/NearBeeSample.app/NearBeeSample";
			};
			name = Release;
		};
		BEAAB85626135722005EA838 /* Debug */ = {
			isa = XCBuildConfiguration;
			buildSettings = {
				ALWAYS_EMBED_SWIFT_STANDARD_LIBRARIES = YES;
				CODE_SIGN_STYLE = Automatic;
				DEVELOPMENT_TEAM = 44VN4BY3TF;
				INFOPLIST_FILE = NearBeeSampleUITests/Info.plist;
				LD_RUNPATH_SEARCH_PATHS = (
					"$(inherited)",
					"@executable_path/Frameworks",
					"@loader_path/Frameworks",
				);
				PRODUCT_BUNDLE_IDENTIFIER = com.mobstac.NearBeeSampleUITests;
				PRODUCT_NAME = "$(TARGET_NAME)";
				SWIFT_VERSION = 5.0;
				TARGETED_DEVICE_FAMILY = "1,2";
				TEST_TARGET_NAME = NearBeeSample;
			};
			name = Debug;
		};
		BEAAB85726135722005EA838 /* Release */ = {
			isa = XCBuildConfiguration;
			buildSettings = {
				ALWAYS_EMBED_SWIFT_STANDARD_LIBRARIES = YES;
				CODE_SIGN_STYLE = Automatic;
				DEVELOPMENT_TEAM = 44VN4BY3TF;
				INFOPLIST_FILE = NearBeeSampleUITests/Info.plist;
				LD_RUNPATH_SEARCH_PATHS = (
					"$(inherited)",
					"@executable_path/Frameworks",
					"@loader_path/Frameworks",
				);
				PRODUCT_BUNDLE_IDENTIFIER = com.mobstac.NearBeeSampleUITests;
				PRODUCT_NAME = "$(TARGET_NAME)";
				SWIFT_VERSION = 5.0;
				TARGETED_DEVICE_FAMILY = "1,2";
				TEST_TARGET_NAME = NearBeeSample;
			};
			name = Release;
		};
/* End XCBuildConfiguration section */

/* Begin XCConfigurationList section */
		BEAAB81D2613571F005EA838 /* Build configuration list for PBXProject "NearBeeSample" */ = {
			isa = XCConfigurationList;
			buildConfigurations = (
				BEAAB84D26135722005EA838 /* Debug */,
				BEAAB84E26135722005EA838 /* Release */,
			);
			defaultConfigurationIsVisible = 0;
			defaultConfigurationName = Release;
		};
		BEAAB84F26135722005EA838 /* Build configuration list for PBXNativeTarget "NearBeeSample" */ = {
			isa = XCConfigurationList;
			buildConfigurations = (
				BEAAB85026135722005EA838 /* Debug */,
				BEAAB85126135722005EA838 /* Release */,
			);
			defaultConfigurationIsVisible = 0;
			defaultConfigurationName = Release;
		};
		BEAAB85226135722005EA838 /* Build configuration list for PBXNativeTarget "NearBeeSampleTests" */ = {
			isa = XCConfigurationList;
			buildConfigurations = (
				BEAAB85326135722005EA838 /* Debug */,
				BEAAB85426135722005EA838 /* Release */,
			);
			defaultConfigurationIsVisible = 0;
			defaultConfigurationName = Release;
		};
		BEAAB85526135722005EA838 /* Build configuration list for PBXNativeTarget "NearBeeSampleUITests" */ = {
			isa = XCConfigurationList;
			buildConfigurations = (
				BEAAB85626135722005EA838 /* Debug */,
				BEAAB85726135722005EA838 /* Release */,
			);
			defaultConfigurationIsVisible = 0;
			defaultConfigurationName = Release;
		};
/* End XCConfigurationList section */

/* Begin XCVersionGroup section */
		BEAAB82E2613571F005EA838 /* NearBeeSample.xcdatamodeld */ = {
			isa = XCVersionGroup;
			children = (
				BEAAB82F2613571F005EA838 /* NearBeeSample.xcdatamodel */,
			);
			currentVersion = BEAAB82F2613571F005EA838 /* NearBeeSample.xcdatamodel */;
			path = NearBeeSample.xcdatamodeld;
			sourceTree = "<group>";
			versionGroupType = wrapper.xcdatamodel;
		};
/* End XCVersionGroup section */
	};
	rootObject = BEAAB81A2613571F005EA838 /* Project object */;
}
